// !$*UTF8*$!
{
	archiveVersion = 1;
	classes = {
	};
	objectVersion = 56;
	objects = {

/* Begin PBXBuildFile section */
		B205A6BC2948104A0042B2FD /* belfast_sunset_puresky_1k.skybox in Resources */ = {isa = PBXBuildFile; fileRef = B205A6BB2948104A0042B2FD /* belfast_sunset_puresky_1k.skybox */; };
		B205A6C0294829D60042B2FD /* One.rcproject in Sources */ = {isa = PBXBuildFile; fileRef = B205A6BF294829D60042B2FD /* One.rcproject */; };
		B20D5C332935D58F008C9464 /* AppDelegate.swift in Sources */ = {isa = PBXBuildFile; fileRef = B20D5C322935D58F008C9464 /* AppDelegate.swift */; };
		B20D5C352935D58F008C9464 /* ContentView.swift in Sources */ = {isa = PBXBuildFile; fileRef = B20D5C342935D58F008C9464 /* ContentView.swift */; };
		B20D5C392935D590008C9464 /* Assets.xcassets in Resources */ = {isa = PBXBuildFile; fileRef = B20D5C382935D590008C9464 /* Assets.xcassets */; };
		B20D5C3C2935D590008C9464 /* Preview Assets.xcassets in Resources */ = {isa = PBXBuildFile; fileRef = B20D5C3B2935D590008C9464 /* Preview Assets.xcassets */; };
		B2C5186A2963C22300CD15B6 /* Warehouse.rcproject in Sources */ = {isa = PBXBuildFile; fileRef = B2C518692963C22300CD15B6 /* Warehouse.rcproject */; };
/* End PBXBuildFile section */

/* Begin PBXFileReference section */
		B205A6BB2948104A0042B2FD /* belfast_sunset_puresky_1k.skybox */ = {isa = PBXFileReference; lastKnownFileType = file.skybox; path = belfast_sunset_puresky_1k.skybox; sourceTree = "<group>"; };
		B205A6BF294829D60042B2FD /* One.rcproject */ = {isa = PBXFileReference; lastKnownFileType = file.rcproject; path = One.rcproject; sourceTree = "<group>"; };
		B20D5C2F2935D58F008C9464 /* ARkit-1.app */ = {isa = PBXFileReference; explicitFileType = wrapper.application; includeInIndex = 0; path = "ARkit-1.app"; sourceTree = BUILT_PRODUCTS_DIR; };
		B20D5C322935D58F008C9464 /* AppDelegate.swift */ = {isa = PBXFileReference; lastKnownFileType = sourcecode.swift; path = AppDelegate.swift; sourceTree = "<group>"; };
		B20D5C342935D58F008C9464 /* ContentView.swift */ = {isa = PBXFileReference; lastKnownFileType = sourcecode.swift; path = ContentView.swift; sourceTree = "<group>"; };
		B20D5C382935D590008C9464 /* Assets.xcassets */ = {isa = PBXFileReference; lastKnownFileType = folder.assetcatalog; path = Assets.xcassets; sourceTree = "<group>"; };
		B20D5C3B2935D590008C9464 /* Preview Assets.xcassets */ = {isa = PBXFileReference; lastKnownFileType = folder.assetcatalog; path = "Preview Assets.xcassets"; sourceTree = "<group>"; };
		B2A93FFF29418396009B7591 /* Info.plist */ = {isa = PBXFileReference; lastKnownFileType = text.plist; path = Info.plist; sourceTree = "<group>"; };
		B2C518692963C22300CD15B6 /* Warehouse.rcproject */ = {isa = PBXFileReference; lastKnownFileType = file.rcproject; name = Warehouse.rcproject; path = "Preview Content/Warehouse.rcproject"; sourceTree = "<group>"; };
/* End PBXFileReference section */

/* Begin PBXFrameworksBuildPhase section */
		B20D5C2C2935D58F008C9464 /* Frameworks */ = {
			isa = PBXFrameworksBuildPhase;
			buildActionMask = 2147483647;
			files = (
			);
			runOnlyForDeploymentPostprocessing = 0;
		};
/* End PBXFrameworksBuildPhase section */

/* Begin PBXGroup section */
		B20D5C262935D58F008C9464 = {
			isa = PBXGroup;
			children = (
				B20D5C312935D58F008C9464 /* ARkit-1 */,
				B20D5C302935D58F008C9464 /* Products */,
			);
			sourceTree = "<group>";
		};
		B20D5C302935D58F008C9464 /* Products */ = {
			isa = PBXGroup;
			children = (
				B20D5C2F2935D58F008C9464 /* ARkit-1.app */,
			);
			name = Products;
			sourceTree = "<group>";
		};
		B20D5C312935D58F008C9464 /* ARkit-1 */ = {
			isa = PBXGroup;
			children = (
				B205A6BB2948104A0042B2FD /* belfast_sunset_puresky_1k.skybox */,
				B2A93FFF29418396009B7591 /* Info.plist */,
				B20D5C322935D58F008C9464 /* AppDelegate.swift */,
				B205A6BF294829D60042B2FD /* One.rcproject */,
				B2C518692963C22300CD15B6 /* Warehouse.rcproject */,
				B20D5C342935D58F008C9464 /* ContentView.swift */,
				B20D5C382935D590008C9464 /* Assets.xcassets */,
				B20D5C3A2935D590008C9464 /* Preview Content */,
			);
			path = "ARkit-1";
			sourceTree = "<group>";
		};
		B20D5C3A2935D590008C9464 /* Preview Content */ = {
			isa = PBXGroup;
			children = (
				B20D5C3B2935D590008C9464 /* Preview Assets.xcassets */,
			);
			path = "Preview Content";
			sourceTree = "<group>";
		};
/* End PBXGroup section */

/* Begin PBXNativeTarget section */
		B20D5C2E2935D58F008C9464 /* ARkit-1 */ = {
			isa = PBXNativeTarget;
			buildConfigurationList = B20D5C3F2935D590008C9464 /* Build configuration list for PBXNativeTarget "ARkit-1" */;
			buildPhases = (
				B20D5C2B2935D58F008C9464 /* Sources */,
				B20D5C2C2935D58F008C9464 /* Frameworks */,
				B20D5C2D2935D58F008C9464 /* Resources */,
			);
			buildRules = (
			);
			dependencies = (
			);
			name = "ARkit-1";
			productName = "ARkit-1";
			productReference = B20D5C2F2935D58F008C9464 /* ARkit-1.app */;
			productType = "com.apple.product-type.application";
		};
/* End PBXNativeTarget section */

/* Begin PBXProject section */
		B20D5C272935D58F008C9464 /* Project object */ = {
			isa = PBXProject;
			attributes = {
				BuildIndependentTargetsInParallel = 1;
				LastSwiftUpdateCheck = 1410;
				LastUpgradeCheck = 1410;
				TargetAttributes = {
					B20D5C2E2935D58F008C9464 = {
						CreatedOnToolsVersion = 14.1;
					};
				};
			};
			buildConfigurationList = B20D5C2A2935D58F008C9464 /* Build configuration list for PBXProject "ARkit-1" */;
			compatibilityVersion = "Xcode 14.0";
			developmentRegion = en;
			hasScannedForEncodings = 0;
			knownRegions = (
				en,
				Base,
			);
			mainGroup = B20D5C262935D58F008C9464;
			productRefGroup = B20D5C302935D58F008C9464 /* Products */;
			projectDirPath = "";
			projectRoot = "";
			targets = (
				B20D5C2E2935D58F008C9464 /* ARkit-1 */,
			);
		};
/* End PBXProject section */

/* Begin PBXResourcesBuildPhase section */
		B20D5C2D2935D58F008C9464 /* Resources */ = {
			isa = PBXResourcesBuildPhase;
			buildActionMask = 2147483647;
			files = (
				B205A6BC2948104A0042B2FD /* belfast_sunset_puresky_1k.skybox in Resources */,
				B20D5C3C2935D590008C9464 /* Preview Assets.xcassets in Resources */,
				B20D5C392935D590008C9464 /* Assets.xcassets in Resources */,
			);
			runOnlyForDeploymentPostprocessing = 0;
		};
/* End PBXResourcesBuildPhase section */

/* Begin PBXSourcesBuildPhase section */
		B20D5C2B2935D58F008C9464 /* Sources */ = {
			isa = PBXSourcesBuildPhase;
			buildActionMask = 2147483647;
			files = (
				B2C5186A2963C22300CD15B6 /* Warehouse.rcproject in Sources */,
				B20D5C352935D58F008C9464 /* ContentView.swift in Sources */,
				B20D5C332935D58F008C9464 /* AppDelegate.swift in Sources */,
				B205A6C0294829D60042B2FD /* One.rcproject in Sources */,
			);
			runOnlyForDeploymentPostprocessing = 0;
		};
/* End PBXSourcesBuildPhase section */

/* Begin XCBuildConfiguration section */
		B20D5C3D2935D590008C9464 /* Debug */ = {
			isa = XCBuildConfiguration;
			buildSettings = {
				ALWAYS_SEARCH_USER_PATHS = NO;
				CLANG_ANALYZER_NONNULL = YES;
				CLANG_ANALYZER_NUMBER_OBJECT_CONVERSION = YES_AGGRESSIVE;
				CLANG_CXX_LANGUAGE_STANDARD = "gnu++20";
				CLANG_ENABLE_MODULES = YES;
				CLANG_ENABLE_OBJC_ARC = YES;
				CLANG_ENABLE_OBJC_WEAK = YES;
				CLANG_WARN_BLOCK_CAPTURE_AUTORELEASING = YES;
				CLANG_WARN_BOOL_CONVERSION = YES;
				CLANG_WARN_COMMA = YES;
				CLANG_WARN_CONSTANT_CONVERSION = YES;
				CLANG_WARN_DEPRECATED_OBJC_IMPLEMENTATIONS = YES;
				CLANG_WARN_DIRECT_OBJC_ISA_USAGE = YES_ERROR;
				CLANG_WARN_DOCUMENTATION_COMMENTS = YES;
				CLANG_WARN_EMPTY_BODY = YES;
				CLANG_WARN_ENUM_CONVERSION = YES;
				CLANG_WARN_INFINITE_RECURSION = YES;
				CLANG_WARN_INT_CONVERSION = YES;
				CLANG_WARN_NON_LITERAL_NULL_CONVERSION = YES;
				CLANG_WARN_OBJC_IMPLICIT_RETAIN_SELF = YES;
				CLANG_WARN_OBJC_LITERAL_CONVERSION = YES;
				CLANG_WARN_OBJC_ROOT_CLASS = YES_ERROR;
				CLANG_WARN_QUOTED_INCLUDE_IN_FRAMEWORK_HEADER = YES;
				CLANG_WARN_RANGE_LOOP_ANALYSIS = YES;
				CLANG_WARN_STRICT_PROTOTYPES = YES;
				CLANG_WARN_SUSPICIOUS_MOVE = YES;
				CLANG_WARN_UNGUARDED_AVAILABILITY = YES_AGGRESSIVE;
				CLANG_WARN_UNREACHABLE_CODE = YES;
				CLANG_WARN__DUPLICATE_METHOD_MATCH = YES;
				COPY_PHASE_STRIP = NO;
				DEBUG_INFORMATION_FORMAT = dwarf;
				ENABLE_STRICT_OBJC_MSGSEND = YES;
				ENABLE_TESTABILITY = YES;
				GCC_C_LANGUAGE_STANDARD = gnu11;
				GCC_DYNAMIC_NO_PIC = NO;
				GCC_NO_COMMON_BLOCKS = YES;
				GCC_OPTIMIZATION_LEVEL = 0;
				GCC_PREPROCESSOR_DEFINITIONS = (
					"DEBUG=1",
					"$(inherited)",
				);
				GCC_WARN_64_TO_32_BIT_CONVERSION = YES;
				GCC_WARN_ABOUT_RETURN_TYPE = YES_ERROR;
				GCC_WARN_UNDECLARED_SELECTOR = YES;
				GCC_WARN_UNINITIALIZED_AUTOS = YES_AGGRESSIVE;
				GCC_WARN_UNUSED_FUNCTION = YES;
				GCC_WARN_UNUSED_VARIABLE = YES;
				IPHONEOS_DEPLOYMENT_TARGET = 16.1;
				MTL_ENABLE_DEBUG_INFO = INCLUDE_SOURCE;
				MTL_FAST_MATH = YES;
				ONLY_ACTIVE_ARCH = YES;
				SDKROOT = iphoneos;
				SWIFT_ACTIVE_COMPILATION_CONDITIONS = DEBUG;
				SWIFT_OPTIMIZATION_LEVEL = "-Onone";
			};
			name = Debug;
		};
		B20D5C3E2935D590008C9464 /* Release */ = {
			isa = XCBuildConfiguration;
			buildSettings = {
				ALWAYS_SEARCH_USER_PATHS = NO;
				CLANG_ANALYZER_NONNULL = YES;
				CLANG_ANALYZER_NUMBER_OBJECT_CONVERSION = YES_AGGRESSIVE;
				CLANG_CXX_LANGUAGE_STANDARD = "gnu++20";
				CLANG_ENABLE_MODULES = YES;
				CLANG_ENABLE_OBJC_ARC = YES;
				CLANG_ENABLE_OBJC_WEAK = YES;
				CLANG_WARN_BLOCK_CAPTURE_AUTORELEASING = YES;
				CLANG_WARN_BOOL_CONVERSION = YES;
				CLANG_WARN_COMMA = YES;
				CLANG_WARN_CONSTANT_CONVERSION = YES;
				CLANG_WARN_DEPRECATED_OBJC_IMPLEMENTATIONS = YES;
				CLANG_WARN_DIRECT_OBJC_ISA_USAGE = YES_ERROR;
				CLANG_WARN_DOCUMENTATION_COMMENTS = YES;
				CLANG_WARN_EMPTY_BODY = YES;
				CLANG_WARN_ENUM_CONVERSION = YES;
				CLANG_WARN_INFINITE_RECURSION = YES;
				CLANG_WARN_INT_CONVERSION = YES;
				CLANG_WARN_NON_LITERAL_NULL_CONVERSION = YES;
				CLANG_WARN_OBJC_IMPLICIT_RETAIN_SELF = YES;
				CLANG_WARN_OBJC_LITERAL_CONVERSION = YES;
				CLANG_WARN_OBJC_ROOT_CLASS = YES_ERROR;
				CLANG_WARN_QUOTED_INCLUDE_IN_FRAMEWORK_HEADER = YES;
				CLANG_WARN_RANGE_LOOP_ANALYSIS = YES;
				CLANG_WARN_STRICT_PROTOTYPES = YES;
				CLANG_WARN_SUSPICIOUS_MOVE = YES;
				CLANG_WARN_UNGUARDED_AVAILABILITY = YES_AGGRESSIVE;
				CLANG_WARN_UNREACHABLE_CODE = YES;
				CLANG_WARN__DUPLICATE_METHOD_MATCH = YES;
				COPY_PHASE_STRIP = NO;
				DEBUG_INFORMATION_FORMAT = "dwarf-with-dsym";
				ENABLE_NS_ASSERTIONS = NO;
				ENABLE_STRICT_OBJC_MSGSEND = YES;
				GCC_C_LANGUAGE_STANDARD = gnu11;
				GCC_NO_COMMON_BLOCKS = YES;
				GCC_WARN_64_TO_32_BIT_CONVERSION = YES;
				GCC_WARN_ABOUT_RETURN_TYPE = YES_ERROR;
				GCC_WARN_UNDECLARED_SELECTOR = YES;
				GCC_WARN_UNINITIALIZED_AUTOS = YES_AGGRESSIVE;
				GCC_WARN_UNUSED_FUNCTION = YES;
				GCC_WARN_UNUSED_VARIABLE = YES;
				IPHONEOS_DEPLOYMENT_TARGET = 16.1;
				MTL_ENABLE_DEBUG_INFO = NO;
				MTL_FAST_MATH = YES;
				SDKROOT = iphoneos;
				SWIFT_COMPILATION_MODE = wholemodule;
				SWIFT_OPTIMIZATION_LEVEL = "-O";
				VALIDATE_PRODUCT = YES;
			};
			name = Release;
		};
		B20D5C402935D590008C9464 /* Debug */ = {
			isa = XCBuildConfiguration;
			buildSettings = {
				ASSETCATALOG_COMPILER_APPICON_NAME = AppIcon;
				ASSETCATALOG_COMPILER_GLOBAL_ACCENT_COLOR_NAME = AccentColor;
				CODE_SIGN_STYLE = Automatic;
				CURRENT_PROJECT_VERSION = 1;
				DEVELOPMENT_ASSET_PATHS = "\"ARkit-1/Preview Content\"";
				DEVELOPMENT_TEAM = PG2Y9PREEG;
				ENABLE_PREVIEWS = YES;
				GENERATE_INFOPLIST_FILE = YES;
				INFOPLIST_FILE = "ARkit-1/Info.plist";
				INFOPLIST_KEY_CFBundleDisplayName = "TST AR";
				INFOPLIST_KEY_NSCameraUsageDescription = "";
				INFOPLIST_KEY_UIApplicationSupportsIndirectInputEvents = YES;
				INFOPLIST_KEY_UILaunchScreen_Generation = YES;
				INFOPLIST_KEY_UIRequiredDeviceCapabilities = arkit;
				INFOPLIST_KEY_UIStatusBarHidden = YES;
				INFOPLIST_KEY_UISupportedInterfaceOrientations_iPad = "UIInterfaceOrientationPortrait UIInterfaceOrientationPortraitUpsideDown UIInterfaceOrientationLandscapeLeft UIInterfaceOrientationLandscapeRight";
				INFOPLIST_KEY_UISupportedInterfaceOrientations_iPhone = "UIInterfaceOrientationPortrait UIInterfaceOrientationLandscapeLeft UIInterfaceOrientationLandscapeRight";
				IPHONEOS_DEPLOYMENT_TARGET = 13.0;
				LD_RUNPATH_SEARCH_PATHS = (
					"$(inherited)",
					"@executable_path/Frameworks",
				);
				MARKETING_VERSION = 1.0;
				PRODUCT_BUNDLE_IDENTIFIER = "com.skrjs.ARkit-1";
				PRODUCT_NAME = "$(TARGET_NAME)";
				SUPPORTED_PLATFORMS = "iphoneos iphonesimulator";
				SUPPORTS_MACCATALYST = NO;
				SUPPORTS_MAC_DESIGNED_FOR_IPHONE_IPAD = NO;
				SWIFT_EMIT_LOC_STRINGS = YES;
				SWIFT_VERSION = 5.0;
				TARGETED_DEVICE_FAMILY = "1,2";
			};
			name = Debug;
		};
		B20D5C412935D590008C9464 /* Release */ = {
			isa = XCBuildConfiguration;
			buildSettings = {
				ASSETCATALOG_COMPILER_APPICON_NAME = AppIcon;
				ASSETCATALOG_COMPILER_GLOBAL_ACCENT_COLOR_NAME = AccentColor;
				CODE_SIGN_STYLE = Automatic;
				CURRENT_PROJECT_VERSION = 1;
				DEVELOPMENT_ASSET_PATHS = "\"ARkit-1/Preview Content\"";
				DEVELOPMENT_TEAM = PG2Y9PREEG;
				ENABLE_PREVIEWS = YES;
				GENERATE_INFOPLIST_FILE = YES;
				INFOPLIST_FILE = "ARkit-1/Info.plist";
				INFOPLIST_KEY_CFBundleDisplayName = "TST AR";
				INFOPLIST_KEY_NSCameraUsageDescription = "";
				INFOPLIST_KEY_UIApplicationSupportsIndirectInputEvents = YES;
				INFOPLIST_KEY_UILaunchScreen_Generation = YES;
				INFOPLIST_KEY_UIRequiredDeviceCapabilities = arkit;
				INFOPLIST_KEY_UIStatusBarHidden = YES;
				INFOPLIST_KEY_UISupportedInterfaceOrientations_iPad = "UIInterfaceOrientationPortrait UIInterfaceOrientationPortraitUpsideDown UIInterfaceOrientationLandscapeLeft UIInterfaceOrientationLandscapeRight";
				INFOPLIST_KEY_UISupportedInterfaceOrientations_iPhone = "UIInterfaceOrientationPortrait UIInterfaceOrientationLandscapeLeft UIInterfaceOrientationLandscapeRight";
				IPHONEOS_DEPLOYMENT_TARGET = 13.0;
				LD_RUNPATH_SEARCH_PATHS = (
					"$(inherited)",
					"@executable_path/Frameworks",
				);
				MARKETING_VERSION = 1.0;
				PRODUCT_BUNDLE_IDENTIFIER = "com.skrjs.ARkit-1";
				PRODUCT_NAME = "$(TARGET_NAME)";
				SUPPORTED_PLATFORMS = "iphoneos iphonesimulator";
				SUPPORTS_MACCATALYST = NO;
				SUPPORTS_MAC_DESIGNED_FOR_IPHONE_IPAD = NO;
				SWIFT_EMIT_LOC_STRINGS = YES;
				SWIFT_VERSION = 5.0;
				TARGETED_DEVICE_FAMILY = "1,2";
			};
			name = Release;
		};
/* End XCBuildConfiguration section */

/* Begin XCConfigurationList section */
		B20D5C2A2935D58F008C9464 /* Build configuration list for PBXProject "ARkit-1" */ = {
			isa = XCConfigurationList;
			buildConfigurations = (
				B20D5C3D2935D590008C9464 /* Debug */,
				B20D5C3E2935D590008C9464 /* Release */,
			);
			defaultConfigurationIsVisible = 0;
			defaultConfigurationName = Release;
		};
		B20D5C3F2935D590008C9464 /* Build configuration list for PBXNativeTarget "ARkit-1" */ = {
			isa = XCConfigurationList;
			buildConfigurations = (
				B20D5C402935D590008C9464 /* Debug */,
				B20D5C412935D590008C9464 /* Release */,
			);
			defaultConfigurationIsVisible = 0;
			defaultConfigurationName = Release;
		};
/* End XCConfigurationList section */
	};
	rootObject = B20D5C272935D58F008C9464 /* Project object */;
}
